<?xml version="1.0" encoding="utf-8"?>
<Project ToolsVersion="4.0" xmlns="http://schemas.microsoft.com/developer/msbuild/2003">
  <ItemGroup>
    <Filter Include="Source Files">
      <UniqueIdentifier>{4FC737F1-C7A5-4376-A066-2A32D752A2FF}</UniqueIdentifier>
      <Extensions>cpp;c;cc;cxx;c++;cppm;ixx;def;odl;idl;hpj;bat;asm;asmx</Extensions>
    </Filter>
    <Filter Include="Header Files">
      <UniqueIdentifier>{93995380-89BD-4b04-88EB-625FBE52EBFB}</UniqueIdentifier>
      <Extensions>h;hh;hpp;hxx;h++;hm;inl;inc;ipp;xsd</Extensions>
    </Filter>
    <Filter Include="Resource Files">
      <UniqueIdentifier>{67DA6AB6-F800-4c08-8B7A-83BB121AAD01}</UniqueIdentifier>
      <Extensions>rc;ico;cur;bmp;dlg;rc2;rct;bin;rgs;gif;jpg;jpeg;jpe;resx;tiff;tif;png;wav;mfcribbon-ms</Extensions>
    </Filter>
  </ItemGroup>
  <ItemGroup>
    <ClInclude Include="flaway\flaway.h">
      <Filter>Header Files</Filter>
    </ClInclude>
    <ClInclude Include="flaway\globals\globals.h">
      <Filter>Header Files</Filter>
    </ClInclude>
    <ClInclude Include="sdk\includes.h">
      <Filter>Header Files</Filter>
    </ClInclude>
    <ClInclude Include="utils\imgui\imconfig.h">
      <Filter>Header Files</Filter>
    </ClInclude>
    <ClInclude Include="utils\imgui\imgui.h">
      <Filter>Header Files</Filter>
    </ClInclude>
    <ClInclude Include="utils\imgui\imgui_impl_win32.h">
      <Filter>Header Files</Filter>
    </ClInclude>
    <ClInclude Include="utils\imgui\imgui_internal.h">
      <Filter>Header Files</Filter>
    </ClInclude>
    <ClInclude Include="utils\imgui\imstb_rectpack.h">
      <Filter>Header Files</Filter>
    </ClInclude>
    <ClInclude Include="utils\imgui\imstb_textedit.h">
      <Filter>Header Files</Filter>
    </ClInclude>
    <ClInclude Include="utils\imgui\imstb_truetype.h">
      <Filter>Header Files</Filter>
    </ClInclude>
    <ClInclude Include="sdk\minecraft\minecraft.h">
      <Filter>Header Files</Filter>
    </ClInclude>
    <ClInclude Include="sdk\minecraft\player\player.h">
      <Filter>Header Files</Filter>
    </ClInclude>
    <ClInclude Include="sdk\mappings\mappings.hpp">
      <Filter>Header Files</Filter>
    </ClInclude>
    <ClInclude Include="flaway\hooks\Hook.h">
      <Filter>Header Files</Filter>
    </ClInclude>
    <ClInclude Include="flaway\gui\GUI.h">
      <Filter>Header Files</Filter>
    </ClInclude>
    <ClInclude Include="sdk\minecraft\world\world.h">
      <Filter>Header Files</Filter>
    </ClInclude>
    <ClInclude Include="sdk\minecraft\entity\entity.h">
      <Filter>Header Files</Filter>
    </ClInclude>
    <ClInclude Include="sdk\minecraft\util\box.h">
      <Filter>Header Files</Filter>
    </ClInclude>
    <ClInclude Include="flaway\modules\hitbox\hitbox.h">
      <Filter>Header Files</Filter>
    </ClInclude>
    <ClInclude Include="flaway\modules\aimassist\aimassist.h">
      <Filter>Header Files</Filter>
    </ClInclude>
    <ClInclude Include="flaway\modules\triggerbot\triggerbot.h">
      <Filter>Header Files</Filter>
    </ClInclude>
    <ClInclude Include="flaway\modules\pearl_catch\pearl_catch.h">
      <Filter>Header Files</Filter>
    </ClInclude>
    <ClInclude Include="flaway\modules\reach\reach.h">
      <Filter>Header Files</Filter>
    </ClInclude>
    <ClInclude Include="flaway\modules\reach\reach_hook.h">
      <Filter>Header Files</Filter>
    </ClInclude>
    <ClInclude Include="flaway\modules\esp\esp.h">
      <Filter>Header Files</Filter>
    </ClInclude>
    <ClInclude Include="utils\jnihook-master\include\jnihook.h">
      <Filter>Header Files</Filter>
    </ClInclude>
    <ClInclude Include="utils\jnihook-master\src\classfile.hpp">
      <Filter>Header Files</Filter>
    </ClInclude>
    <ClInclude Include="utils\jnihook-master\src\uuid.hpp">
      <Filter>Header Files</Filter>
    </ClInclude>
    <ClInclude Include="flaway\modules\mace\mace.h">
      <Filter>Header Files</Filter>
    </ClInclude>
    <ClInclude Include="flaway\modules\shield_breaker\shield_breaker.h">
      <Filter>Header Files</Filter>
    </ClInclude>
    <ClInclude Include="utils\imgui\imgui_impl_opengl3.h">
      <Filter>Header Files</Filter>
    </ClInclude>
    <ClInclude Include="sdk\classloader.h">
      <Filter>Header Files</Filter>
    </ClInclude>
    <ClInclude Include="flaway\utils\http_client.h">
      <Filter>Header Files</Filter>
    </ClInclude>
    <ClInclude Include="flaway\utils\hwid.h">
      <Filter>Header Files</Filter>
    </ClInclude>
    <ClInclude Include="flaway\utils\logger.h">
      <Filter>Header Files</Filter>
    </ClInclude>
    <ClInclude Include="flaway\utils\token_storage.h">
      <Filter>Header Files</Filter>
    </ClInclude>
    <ClInclude Include="flaway\modules\stun_slam\stun_slam.h">
      <Filter>Header Files</Filter>
    </ClInclude>
    <ClInclude Include="flaway\modules\server_rotation\server_rotation.h">
      <Filter>Header Files</Filter>
    </ClInclude>
    <ClInclude Include="flaway\modules\stap\stap.h">
      <Filter>Header Files</Filter>
    </ClInclude>
    <ClInclude Include="flaway\modules\wtap\wtap.h">
      <Filter>Header Files</Filter>
    </ClInclude>
    <ClInclude Include="flaway\modules\anchor_macro\anchor_macro.h">
      <Filter>Header Files</Filter>
    </ClInclude>
    <ClInclude Include="flaway\modules\storage_esp\storage_esp.h">
      <Filter>Header Files</Filter>
    </ClInclude>
    <ClInclude Include="flaway\modules\autocrystal\autocrystal.h">
      <Filter>Header Files</Filter>
    </ClInclude>
    <ClInclude Include="flaway\modules\autototem\autototem.h">
      <Filter>Header Files</Filter>
    </ClInclude>
    <ClInclude Include="flaway\modules\autojumpreset\autojumpreset.h">
      <Filter>Header Files</Filter>
    </ClInclude>
    <ClInclude Include="flaway\modules\backtrack\backtrack.h">
      <Filter>Header Files</Filter>
    </ClInclude>
    <ClInclude Include="flaway\modules\backtrack\backtrack_hook.h">
      <Filter>Header Files</Filter>
    </ClInclude>
    <ClInclude Include="flaway\modules\gambling\gambling.hpp">
      <Filter>Header Files</Filter>
    </ClInclude>
  </ItemGroup>
  <ItemGroup>
    <ClCompile Include="dllmain.cpp">
      <Filter>Source Files</Filter>
    </ClCompile>
    <ClCompile Include="flaway\flaway.cpp">
      <Filter>Source Files</Filter>
    </ClCompile>
    <ClCompile Include="utils\imgui\imgui.cpp">
      <Filter>Source Files</Filter>
    </ClCompile>
    <ClCompile Include="utils\imgui\imgui_draw.cpp">
      <Filter>Source Files</Filter>
    </ClCompile>
    <ClCompile Include="utils\imgui\imgui_impl_win32.cpp">
      <Filter>Source Files</Filter>
    </ClCompile>
    <ClCompile Include="utils\imgui\imgui_widgets.cpp">
      <Filter>Source Files</Filter>
    </ClCompile>
    <ClCompile Include="sdk\minecraft\minecraft.cpp">
      <Filter>Source Files</Filter>
    </ClCompile>
    <ClCompile Include="sdk\minecraft\player\player.cpp">
      <Filter>Source Files</Filter>
    </ClCompile>
    <ClCompile Include="flaway\hooks\Hook.cpp">
      <Filter>Source Files</Filter>
    </ClCompile>
    <ClCompile Include="flaway\gui\GUI.cpp">
      <Filter>Source Files</Filter>
    </ClCompile>
    <ClCompile Include="sdk\minecraft\world\world.cpp">
      <Filter>Source Files</Filter>
    </ClCompile>
    <ClCompile Include="sdk\minecraft\entity\entity.cpp">
      <Filter>Source Files</Filter>
    </ClCompile>
    <ClCompile Include="sdk\minecraft\util\box.cpp">
      <Filter>Source Files</Filter>
    </ClCompile>
    <ClCompile Include="flaway\modules\hitbox\hitbox.cpp">
      <Filter>Source Files</Filter>
    </ClCompile>
    <ClCompile Include="flaway\modules\aimassist\aimassist.cpp">
      <Filter>Source Files</Filter>
    </ClCompile>
    <ClCompile Include="flaway\modules\triggerbot\triggerbot.cpp">
      <Filter>Source Files</Filter>
    </ClCompile>
    <ClCompile Include="flaway\modules\pearl_catch\pearl_catch.cpp">
      <Filter>Source Files</Filter>
    </ClCompile>
    <ClCompile Include="flaway\modules\reach\reach.cpp">
      <Filter>Source Files</Filter>
    </ClCompile>
    <ClCompile Include="flaway\modules\reach\reach_hook.cpp">
      <Filter>Source Files</Filter>
    </ClCompile>
    <ClCompile Include="flaway\modules\esp\esp.cpp">
      <Filter>Source Files</Filter>
    </ClCompile>
    <ClCompile Include="utils\jnihook-master\src\jnihook.cpp">
      <Filter>Source Files</Filter>
    </ClCompile>
    <ClCompile Include="utils\jnihook-master\src\classfile.cpp">
      <Filter>Source Files</Filter>
    </ClCompile>
    <ClCompile Include="utils\jnihook-master\src\uuid.cpp">
      <Filter>Source Files</Filter>
    </ClCompile>
    <ClCompile Include="flaway\modules\mace\mace.cpp">
      <Filter>Source Files</Filter>
    </ClCompile>
    <ClCompile Include="flaway\modules\shield_breaker\shield_breaker.cpp">
      <Filter>Source Files</Filter>
    </ClCompile>
    <ClCompile Include="utils\imgui\imgui_impl_opengl3.cpp">
      <Filter>Source Files</Filter>
    </ClCompile>
    <ClCompile Include="utils\imgui\imgui_tables.cpp">
      <Filter>Source Files</Filter>
    </ClCompile>
    <ClCompile Include="sdk\classloader.cpp">
      <Filter>Source Files</Filter>
    </ClCompile>
    <ClCompile Include="flaway\utils\http_client.cpp">
      <Filter>Source Files</Filter>
    </ClCompile>
    <ClCompile Include="flaway\utils\hwid.cpp">
      <Filter>Source Files</Filter>
    </ClCompile>
    <ClCompile Include="flaway\utils\logger.cpp">
      <Filter>Source Files</Filter>
    </ClCompile>
    <ClCompile Include="flaway\utils\token_storage.cpp">
      <Filter>Source Files</Filter>
    </ClCompile>
    <ClCompile Include="flaway\modules\stun_slam\stun_slam.cpp">
      <Filter>Source Files</Filter>
    </ClCompile>
    <ClCompile Include="flaway\modules\server_rotation\server_rotation.cpp">
      <Filter>Source Files</Filter>
    </ClCompile>
    <ClCompile Include="flaway\modules\stap\stap.cpp">
      <Filter>Source Files</Filter>
    </ClCompile>
    <ClCompile Include="flaway\modules\wtap\wtap.cpp">
      <Filter>Source Files</Filter>
    </ClCompile>
    <ClCompile Include="flaway\modules\anchor_macro\anchor_macro.cpp">
      <Filter>Source Files</Filter>
    </ClCompile>
    <ClCompile Include="flaway\modules\storage_esp\storage_esp.cpp">
      <Filter>Source Files</Filter>
    </ClCompile>
    <ClCompile Include="flaway\modules\autocrystal\autocrystal.cpp">
      <Filter>Source Files</Filter>
    </ClCompile>
    <ClCompile Include="flaway\modules\autototem\autototem.cpp">
      <Filter>Source Files</Filter>
    </ClCompile>
    <ClCompile Include="flaway\modules\autojumpreset\autojumpreset.cpp">
      <Filter>Source Files</Filter>
    </ClCompile>
    <ClCompile Include="flaway\modules\backtrack\backtrack.cpp">
      <Filter>Source Files</Filter>
    </ClCompile>
    <ClCompile Include="flaway\modules\backtrack\backtrack_hook.cpp">
      <Filter>Source Files</Filter>
    </ClCompile>
    <ClCompile Include="flaway\modules\gambling\gambling.cpp">
      <Filter>Source Files</Filter>
    </ClCompile>
  </ItemGroup>
</Project>