
Microsoft Visual Studio Solution File, Format Version 12.00
# Visual Studio Version 17
VisualStudioVersion = 17.14.36603.0
MinimumVisualStudioVersion = 10.0.40219.1
Project("{8BC9CEB8-8B4A-11D0-8D11-00A0C91BC942}") = "flaway", "flaway.vcxproj", "{BE048040-1B03-4679-8DBE-309ED016FEF6}"
EndProject
Project("{8BC9CEB8-8B4A-11D0-8D11-00A0C91BC942}") = "injector", "injector\injector.vcxproj", "{81C7C945-4B78-42E8-9BCA-83AFB7221AFC}"
EndProject
Global
	GlobalSection(SolutionConfigurationPlatforms) = preSolution
		Debug|x64 = Debug|x64
		Debug|x86 = Debug|x86
		Release|x64 = Release|x64
		Release|x86 = Release|x86
	EndGlobalSection
	GlobalSection(ProjectConfigurationPlatforms) = postSolution
		{BE048040-1B03-4679-8DBE-309ED016FEF6}.Debug|x64.ActiveCfg = Debug|x64
		{BE048040-1B03-4679-8DBE-309ED016FEF6}.Debug|x64.Build.0 = Debug|x64
		{BE048040-1B03-4679-8DBE-309ED016FEF6}.Debug|x86.ActiveCfg = Debug|Win32
		{BE048040-1B03-4679-8DBE-309ED016FEF6}.Debug|x86.Build.0 = Debug|Win32
		{BE048040-1B03-4679-8DBE-309ED016FEF6}.Release|x64.ActiveCfg = Release|x64
		{BE048040-1B03-4679-8DBE-309ED016FEF6}.Release|x64.Build.0 = Release|x64
		{BE048040-1B03-4679-8DBE-309ED016FEF6}.Release|x86.ActiveCfg = Release|Win32
		{BE048040-1B03-4679-8DBE-309ED016FEF6}.Release|x86.Build.0 = Release|Win32
		{81C7C945-4B78-42E8-9BCA-83AFB7221AFC}.Debug|x64.ActiveCfg = Debug|x64
		{81C7C945-4B78-42E8-9BCA-83AFB7221AFC}.Debug|x64.Build.0 = Debug|x64
		{81C7C945-4B78-42E8-9BCA-83AFB7221AFC}.Debug|x86.ActiveCfg = Debug|Win32
		{81C7C945-4B78-42E8-9BCA-83AFB7221AFC}.Debug|x86.Build.0 = Debug|Win32
		{81C7C945-4B78-42E8-9BCA-83AFB7221AFC}.Release|x64.ActiveCfg = Release|x64
		{81C7C945-4B78-42E8-9BCA-83AFB7221AFC}.Release|x64.Build.0 = Release|x64
		{81C7C945-4B78-42E8-9BCA-83AFB7221AFC}.Release|x86.ActiveCfg = Release|Win32
		{81C7C945-4B78-42E8-9BCA-83AFB7221AFC}.Release|x86.Build.0 = Release|Win32
	EndGlobalSection
	GlobalSection(SolutionProperties) = preSolution
		HideSolutionNode = FALSE
	EndGlobalSection
	GlobalSection(ExtensibilityGlobals) = postSolution
		SolutionGuid = {1743EFA5-29C4-47B6-BA79-D2F520FC0880}
	EndGlobalSection
EndGlobal
